
Microsoft Visual Studio Solution File, Format Version 12.00
# Visual Studio Version 17
VisualStudioVersion = 17.1.31903.286
MinimumVisualStudioVersion = 10.0.40219.1
Project("{FAE04EC0-301F-11D3-BF4B-00C04F79EFBC}") = "API_ROUTEHW", "API_ROUTEHW\API_ROUTEHW.csproj", "{F661ECA2-D198-4C49-96D4-522ECE7A0270}"
EndProject
Global
	GlobalSection(SolutionConfigurationPlatforms) = preSolution
		Debug|Any CPU = Debug|Any CPU
		Release|Any CPU = Release|Any CPU
	EndGlobalSection
	GlobalSection(ProjectConfigurationPlatforms) = postSolution
		{F661ECA2-D198-4C49-96D4-522ECE7A0270}.Debug|Any CPU.ActiveCfg = Debug|Any CPU
		{F661ECA2-D198-4C49-96D4-522ECE7A0270}.Debug|Any CPU.Build.0 = Debug|Any CPU
		{F661ECA2-D198-4C49-96D4-522ECE7A0270}.Release|Any CPU.ActiveCfg = Release|Any CPU
		{F661ECA2-D198-4C49-96D4-522ECE7A0270}.Release|Any CPU.Build.0 = Release|Any CPU
	EndGlobalSection
	GlobalSection(SolutionProperties) = preSolution
		HideSolutionNode = FALSE
	EndGlobalSection
	GlobalSection(ExtensibilityGlobals) = postSolution
		SolutionGuid = {4C7814DD-0EF2-41D4-A338-4BED68BAC6F7}
	EndGlobalSection
EndGlobal
